
Microsoft Visual Studio Solution File, Format Version 12.00
# Visual Studio 14
VisualStudioVersion = 14.0.23107.0
MinimumVisualStudioVersion = 10.0.40219.1
Project("{FAE04EC0-301F-11D3-BF4B-00C04F79EFBC}") = "QL", "QL.csproj", "{617653BC-4D75-4825-BBAD-D6C839D1D0CD}"
EndProject
Global
	GlobalSection(SolutionConfigurationPlatforms) = preSolution
		Debug|Any CPU = Debug|Any CPU
		Release|Any CPU = Release|Any CPU
	EndGlobalSection
	GlobalSection(ProjectConfigurationPlatforms) = postSolution
		{617653BC-4D75-4825-BBAD-D6C839D1D0CD}.Debug|Any CPU.ActiveCfg = Debug|Any CPU
		{617653BC-4D75-4825-BBAD-D6C839D1D0CD}.Debug|Any CPU.Build.0 = Debug|Any CPU
		{617653BC-4D75-4825-BBAD-D6C839D1D0CD}.Release|Any CPU.ActiveCfg = Release|Any CPU
		{617653BC-4D75-4825-BBAD-D6C839D1D0CD}.Release|Any CPU.Build.0 = Release|Any CPU
	EndGlobalSection
	GlobalSection(SolutionProperties) = preSolution
		HideSolutionNode = FALSE
	EndGlobalSection
EndGlobal
